
Microsoft Visual Studio Solution File, Format Version 12.00
# Visual Studio 2012
Project("{FAE04EC0-301F-11D3-BF4B-00C04F79EFBC}") = "URNGWPF", "URNGWPF\URNGWPF.csproj", "{7CDDB1D1-5DC6-40B9-99C4-1D4230D7FC38}"
EndProject
Project("{FAE04EC0-301F-11D3-BF4B-00C04F79EFBC}") = "URNGConsole", "URNGConsole\URNGConsole.csproj", "{876074DC-0344-4A14-B72C-F8A67FBCA6F5}"
EndProject
Project("{FAE04EC0-301F-11D3-BF4B-00C04F79EFBC}") = "URNG", "URNG\URNG.csproj", "{11870F97-A5BF-489B-A0EB-A3F8B8268C51}"
EndProject
Global
	GlobalSection(SolutionConfigurationPlatforms) = preSolution
		Debug|Any CPU = Debug|Any CPU
		Release|Any CPU = Release|Any CPU
	EndGlobalSection
	GlobalSection(ProjectConfigurationPlatforms) = postSolution
		{7CDDB1D1-5DC6-40B9-99C4-1D4230D7FC38}.Debug|Any CPU.ActiveCfg = Debug|Any CPU
		{7CDDB1D1-5DC6-40B9-99C4-1D4230D7FC38}.Debug|Any CPU.Build.0 = Debug|Any CPU
		{7CDDB1D1-5DC6-40B9-99C4-1D4230D7FC38}.Release|Any CPU.ActiveCfg = Release|Any CPU
		{7CDDB1D1-5DC6-40B9-99C4-1D4230D7FC38}.Release|Any CPU.Build.0 = Release|Any CPU
		{876074DC-0344-4A14-B72C-F8A67FBCA6F5}.Debug|Any CPU.ActiveCfg = Debug|Any CPU
		{876074DC-0344-4A14-B72C-F8A67FBCA6F5}.Debug|Any CPU.Build.0 = Debug|Any CPU
		{876074DC-0344-4A14-B72C-F8A67FBCA6F5}.Release|Any CPU.ActiveCfg = Release|Any CPU
		{876074DC-0344-4A14-B72C-F8A67FBCA6F5}.Release|Any CPU.Build.0 = Release|Any CPU
		{11870F97-A5BF-489B-A0EB-A3F8B8268C51}.Debug|Any CPU.ActiveCfg = Debug|Any CPU
		{11870F97-A5BF-489B-A0EB-A3F8B8268C51}.Debug|Any CPU.Build.0 = Debug|Any CPU
		{11870F97-A5BF-489B-A0EB-A3F8B8268C51}.Release|Any CPU.ActiveCfg = Release|Any CPU
		{11870F97-A5BF-489B-A0EB-A3F8B8268C51}.Release|Any CPU.Build.0 = Release|Any CPU
	EndGlobalSection
	GlobalSection(SolutionProperties) = preSolution
		HideSolutionNode = FALSE
	EndGlobalSection
EndGlobal
